// !$*UTF8*$!
{
	archiveVersion = 1;
	classes = {
	};
	objectVersion = 46;
	objects = {

/* Begin PBXBuildFile section */
		242CD05D1DE865C8000F1F16 /* AppDelegate.swift in Sources */ = {isa = PBXBuildFile; fileRef = 242CD05C1DE865C8000F1F16 /* AppDelegate.swift */; };
		242CD05F1DE865C8000F1F16 /* TweetsViewController.swift in Sources */ = {isa = PBXBuildFile; fileRef = 242CD05E1DE865C8000F1F16 /* TweetsViewController.swift */; };
		242CD0621DE865C8000F1F16 /* Main.storyboard in Resources */ = {isa = PBXBuildFile; fileRef = 242CD0601DE865C8000F1F16 /* Main.storyboard */; };
		242CD0641DE865C8000F1F16 /* Assets.xcassets in Resources */ = {isa = PBXBuildFile; fileRef = 242CD0631DE865C8000F1F16 /* Assets.xcassets */; };
		242CD0671DE865C8000F1F16 /* LaunchScreen.storyboard in Resources */ = {isa = PBXBuildFile; fileRef = 242CD0651DE865C8000F1F16 /* LaunchScreen.storyboard */; };
		242CD0711DE866C4000F1F16 /* Tweet.swift in Sources */ = {isa = PBXBuildFile; fileRef = 242CD0701DE866C4000F1F16 /* Tweet.swift */; };
		242CD0731DE866ED000F1F16 /* Tweets.swift in Sources */ = {isa = PBXBuildFile; fileRef = 242CD0721DE866ED000F1F16 /* Tweets.swift */; };
		242CD0771DE872A2000F1F16 /* User.swift in Sources */ = {isa = PBXBuildFile; fileRef = 242CD0761DE872A2000F1F16 /* User.swift */; };
		95942242695824030AFC58A1 /* Pods_Nwitter.framework in Frameworks */ = {isa = PBXBuildFile; fileRef = 938E7F100A0E2FC7ECF09099 /* Pods_Nwitter.framework */; };
/* End PBXBuildFile section */

/* Begin PBXFileReference section */
		242CD0591DE865C8000F1F16 /* Nwitter.app */ = {isa = PBXFileReference; explicitFileType = wrapper.application; includeInIndex = 0; path = Nwitter.app; sourceTree = BUILT_PRODUCTS_DIR; };
		242CD05C1DE865C8000F1F16 /* AppDelegate.swift */ = {isa = PBXFileReference; lastKnownFileType = sourcecode.swift; path = AppDelegate.swift; sourceTree = "<group>"; };
		242CD05E1DE865C8000F1F16 /* TweetsViewController.swift */ = {isa = PBXFileReference; lastKnownFileType = sourcecode.swift; name = TweetsViewController.swift; path = Nwitter/TweetsViewController.swift; sourceTree = "<group>"; };
		242CD0611DE865C8000F1F16 /* Base */ = {isa = PBXFileReference; lastKnownFileType = file.storyboard; name = Base; path = Base.lproj/Main.storyboard; sourceTree = "<group>"; };
		242CD0631DE865C8000F1F16 /* Assets.xcassets */ = {isa = PBXFileReference; lastKnownFileType = folder.assetcatalog; path = Assets.xcassets; sourceTree = "<group>"; };
		242CD0661DE865C8000F1F16 /* Base */ = {isa = PBXFileReference; lastKnownFileType = file.storyboard; name = Base; path = Base.lproj/LaunchScreen.storyboard; sourceTree = "<group>"; };
		242CD0681DE865C8000F1F16 /* Info.plist */ = {isa = PBXFileReference; lastKnownFileType = text.plist.xml; path = Info.plist; sourceTree = "<group>"; };
		242CD0701DE866C4000F1F16 /* Tweet.swift */ = {isa = PBXFileReference; fileEncoding = 4; lastKnownFileType = sourcecode.swift; path = Tweet.swift; sourceTree = "<group>"; };
		242CD0721DE866ED000F1F16 /* Tweets.swift */ = {isa = PBXFileReference; fileEncoding = 4; lastKnownFileType = sourcecode.swift; path = Tweets.swift; sourceTree = "<group>"; };
		242CD0761DE872A2000F1F16 /* User.swift */ = {isa = PBXFileReference; fileEncoding = 4; lastKnownFileType = sourcecode.swift; path = User.swift; sourceTree = "<group>"; };
		31CB5A8E9117F676D2F7BF4D /* Pods-Nwitter.debug.xcconfig */ = {isa = PBXFileReference; includeInIndex = 1; lastKnownFileType = text.xcconfig; name = "Pods-Nwitter.debug.xcconfig"; path = "Pods/Target Support Files/Pods-Nwitter/Pods-Nwitter.debug.xcconfig"; sourceTree = "<group>"; };
		938E7F100A0E2FC7ECF09099 /* Pods_Nwitter.framework */ = {isa = PBXFileReference; explicitFileType = wrapper.framework; includeInIndex = 0; path = Pods_Nwitter.framework; sourceTree = BUILT_PRODUCTS_DIR; };
		EAC2B81E33CD6FC01544E0D5 /* Pods-Nwitter.release.xcconfig */ = {isa = PBXFileReference; includeInIndex = 1; lastKnownFileType = text.xcconfig; name = "Pods-Nwitter.release.xcconfig"; path = "Pods/Target Support Files/Pods-Nwitter/Pods-Nwitter.release.xcconfig"; sourceTree = "<group>"; };
/* End PBXFileReference section */

/* Begin PBXFrameworksBuildPhase section */
		242CD0561DE865C8000F1F16 /* Frameworks */ = {
			isa = PBXFrameworksBuildPhase;
			buildActionMask = 2147483647;
			files = (
				95942242695824030AFC58A1 /* Pods_Nwitter.framework in Frameworks */,
			);
			runOnlyForDeploymentPostprocessing = 0;
		};
/* End PBXFrameworksBuildPhase section */

/* Begin PBXGroup section */
		242CD0501DE865C7000F1F16 = {
			isa = PBXGroup;
			children = (
				242CD06F1DE86656000F1F16 /* Views */,
				242CD06E1DE8664D000F1F16 /* Models */,
				242CD05B1DE865C8000F1F16 /* Nwitter */,
				242CD05A1DE865C8000F1F16 /* Products */,
				DB8F33837C66F082A9358004 /* Pods */,
				B4446E56B920BAF80561C206 /* Frameworks */,
			);
			sourceTree = "<group>";
		};
		242CD05A1DE865C8000F1F16 /* Products */ = {
			isa = PBXGroup;
			children = (
				242CD0591DE865C8000F1F16 /* Nwitter.app */,
			);
			name = Products;
			sourceTree = "<group>";
		};
		242CD05B1DE865C8000F1F16 /* Nwitter */ = {
			isa = PBXGroup;
			children = (
				242CD05C1DE865C8000F1F16 /* AppDelegate.swift */,
				242CD0631DE865C8000F1F16 /* Assets.xcassets */,
				242CD0651DE865C8000F1F16 /* LaunchScreen.storyboard */,
				242CD0681DE865C8000F1F16 /* Info.plist */,
			);
			path = Nwitter;
			sourceTree = "<group>";
		};
		242CD06E1DE8664D000F1F16 /* Models */ = {
			isa = PBXGroup;
			children = (
				242CD0701DE866C4000F1F16 /* Tweet.swift */,
				242CD0721DE866ED000F1F16 /* Tweets.swift */,
				242CD0761DE872A2000F1F16 /* User.swift */,
			);
			name = Models;
			sourceTree = "<group>";
		};
		242CD06F1DE86656000F1F16 /* Views */ = {
			isa = PBXGroup;
			children = (
				242CD05E1DE865C8000F1F16 /* TweetsViewController.swift */,
				242CD0601DE865C8000F1F16 /* Main.storyboard */,
			);
			name = Views;
			sourceTree = "<group>";
		};
		B4446E56B920BAF80561C206 /* Frameworks */ = {
			isa = PBXGroup;
			children = (
				938E7F100A0E2FC7ECF09099 /* Pods_Nwitter.framework */,
			);
			name = Frameworks;
			sourceTree = "<group>";
		};
		DB8F33837C66F082A9358004 /* Pods */ = {
			isa = PBXGroup;
			children = (
				31CB5A8E9117F676D2F7BF4D /* Pods-Nwitter.debug.xcconfig */,
				EAC2B81E33CD6FC01544E0D5 /* Pods-Nwitter.release.xcconfig */,
			);
			name = Pods;
			sourceTree = "<group>";
		};
/* End PBXGroup section */

/* Begin PBXNativeTarget section */
		242CD0581DE865C8000F1F16 /* Nwitter */ = {
			isa = PBXNativeTarget;
			buildConfigurationList = 242CD06B1DE865C8000F1F16 /* Build configuration list for PBXNativeTarget "Nwitter" */;
			buildPhases = (
				BE8246494C372798129EE710 /* [CP] Check Pods Manifest.lock */,
				242CD0551DE865C8000F1F16 /* Sources */,
				242CD0561DE865C8000F1F16 /* Frameworks */,
				242CD0571DE865C8000F1F16 /* Resources */,
				AD9B3FF166D84A1F5A67EBC6 /* [CP] Embed Pods Frameworks */,
				818FE9BF847029A52D022485 /* [CP] Copy Pods Resources */,
			);
			buildRules = (
			);
			dependencies = (
			);
			name = Nwitter;
			productName = Nwitter;
			productReference = 242CD0591DE865C8000F1F16 /* Nwitter.app */;
			productType = "com.apple.product-type.application";
		};
/* End PBXNativeTarget section */

/* Begin PBXProject section */
		242CD0511DE865C7000F1F16 /* Project object */ = {
			isa = PBXProject;
			attributes = {
				LastSwiftUpdateCheck = 0810;
				LastUpgradeCheck = 0810;
				ORGANIZATIONNAME = MAK;
				TargetAttributes = {
					242CD0581DE865C8000F1F16 = {
						CreatedOnToolsVersion = 8.1;
						DevelopmentTeam = N8BMJLATLW;
						ProvisioningStyle = Automatic;
					};
				};
			};
			buildConfigurationList = 242CD0541DE865C7000F1F16 /* Build configuration list for PBXProject "Nwitter" */;
			compatibilityVersion = "Xcode 3.2";
			developmentRegion = English;
			hasScannedForEncodings = 0;
			knownRegions = (
				en,
				Base,
			);
			mainGroup = 242CD0501DE865C7000F1F16;
			productRefGroup = 242CD05A1DE865C8000F1F16 /* Products */;
			projectDirPath = "";
			projectRoot = "";
			targets = (
				242CD0581DE865C8000F1F16 /* Nwitter */,
			);
		};
/* End PBXProject section */

/* Begin PBXResourcesBuildPhase section */
		242CD0571DE865C8000F1F16 /* Resources */ = {
			isa = PBXResourcesBuildPhase;
			buildActionMask = 2147483647;
			files = (
				242CD0671DE865C8000F1F16 /* LaunchScreen.storyboard in Resources */,
				242CD0641DE865C8000F1F16 /* Assets.xcassets in Resources */,
				242CD0621DE865C8000F1F16 /* Main.storyboard in Resources */,
			);
			runOnlyForDeploymentPostprocessing = 0;
		};
/* End PBXResourcesBuildPhase section */

/* Begin PBXShellScriptBuildPhase section */
		818FE9BF847029A52D022485 /* [CP] Copy Pods Resources */ = {
			isa = PBXShellScriptBuildPhase;
			buildActionMask = 2147483647;
			files = (
			);
			inputPaths = (
			);
			name = "[CP] Copy Pods Resources";
			outputPaths = (
			);
			runOnlyForDeploymentPostprocessing = 0;
			shellPath = /bin/sh;
			shellScript = "\"${SRCROOT}/Pods/Target Support Files/Pods-Nwitter/Pods-Nwitter-resources.sh\"\n";
			showEnvVarsInLog = 0;
		};
		AD9B3FF166D84A1F5A67EBC6 /* [CP] Embed Pods Frameworks */ = {
			isa = PBXShellScriptBuildPhase;
			buildActionMask = 2147483647;
			files = (
			);
			inputPaths = (
			);
			name = "[CP] Embed Pods Frameworks";
			outputPaths = (
			);
			runOnlyForDeploymentPostprocessing = 0;
			shellPath = /bin/sh;
			shellScript = "\"${SRCROOT}/Pods/Target Support Files/Pods-Nwitter/Pods-Nwitter-frameworks.sh\"\n";
			showEnvVarsInLog = 0;
		};
		BE8246494C372798129EE710 /* [CP] Check Pods Manifest.lock */ = {
			isa = PBXShellScriptBuildPhase;
			buildActionMask = 2147483647;
			files = (
			);
			inputPaths = (
			);
			name = "[CP] Check Pods Manifest.lock";
			outputPaths = (
			);
			runOnlyForDeploymentPostprocessing = 0;
			shellPath = /bin/sh;
			shellScript = "diff \"${PODS_ROOT}/../Podfile.lock\" \"${PODS_ROOT}/Manifest.lock\" > /dev/null\nif [ $? != 0 ] ; then\n    # print error to STDERR\n    echo \"error: The sandbox is not in sync with the Podfile.lock. Run 'pod install' or update your CocoaPods installation.\" >&2\n    exit 1\nfi\n";
			showEnvVarsInLog = 0;
		};
/* End PBXShellScriptBuildPhase section */

/* Begin PBXSourcesBuildPhase section */
		242CD0551DE865C8000F1F16 /* Sources */ = {
			isa = PBXSourcesBuildPhase;
			buildActionMask = 2147483647;
			files = (
				242CD0711DE866C4000F1F16 /* Tweet.swift in Sources */,
				242CD05F1DE865C8000F1F16 /* TweetsViewController.swift in Sources */,
				242CD0771DE872A2000F1F16 /* User.swift in Sources */,
				242CD05D1DE865C8000F1F16 /* AppDelegate.swift in Sources */,
				242CD0731DE866ED000F1F16 /* Tweets.swift in Sources */,
			);
			runOnlyForDeploymentPostprocessing = 0;
		};
/* End PBXSourcesBuildPhase section */

/* Begin PBXVariantGroup section */
		242CD0601DE865C8000F1F16 /* Main.storyboard */ = {
			isa = PBXVariantGroup;
			children = (
				242CD0611DE865C8000F1F16 /* Base */,
			);
			name = Main.storyboard;
			path = Nwitter;
			sourceTree = "<group>";
		};
		242CD0651DE865C8000F1F16 /* LaunchScreen.storyboard */ = {
			isa = PBXVariantGroup;
			children = (
				242CD0661DE865C8000F1F16 /* Base */,
			);
			name = LaunchScreen.storyboard;
			sourceTree = "<group>";
		};
/* End PBXVariantGroup section */

/* Begin XCBuildConfiguration section */
		242CD0691DE865C8000F1F16 /* Debug */ = {
			isa = XCBuildConfiguration;
			buildSettings = {
				ALWAYS_SEARCH_USER_PATHS = NO;
				CLANG_ANALYZER_NONNULL = YES;
				CLANG_CXX_LANGUAGE_STANDARD = "gnu++0x";
				CLANG_CXX_LIBRARY = "libc++";
				CLANG_ENABLE_MODULES = YES;
				CLANG_ENABLE_OBJC_ARC = YES;
				CLANG_WARN_BOOL_CONVERSION = YES;
				CLANG_WARN_CONSTANT_CONVERSION = YES;
				CLANG_WARN_DIRECT_OBJC_ISA_USAGE = YES_ERROR;
				CLANG_WARN_DOCUMENTATION_COMMENTS = YES;
				CLANG_WARN_EMPTY_BODY = YES;
				CLANG_WARN_ENUM_CONVERSION = YES;
				CLANG_WARN_INFINITE_RECURSION = YES;
				CLANG_WARN_INT_CONVERSION = YES;
				CLANG_WARN_OBJC_ROOT_CLASS = YES_ERROR;
				CLANG_WARN_SUSPICIOUS_MOVE = YES;
				CLANG_WARN_SUSPICIOUS_MOVES = YES;
				CLANG_WARN_UNREACHABLE_CODE = YES;
				CLANG_WARN__DUPLICATE_METHOD_MATCH = YES;
				"CODE_SIGN_IDENTITY[sdk=iphoneos*]" = "iPhone Developer";
				COPY_PHASE_STRIP = NO;
				DEBUG_INFORMATION_FORMAT = dwarf;
				ENABLE_STRICT_OBJC_MSGSEND = YES;
				ENABLE_TESTABILITY = YES;
				GCC_C_LANGUAGE_STANDARD = gnu99;
				GCC_DYNAMIC_NO_PIC = NO;
				GCC_NO_COMMON_BLOCKS = YES;
				GCC_OPTIMIZATION_LEVEL = 0;
				GCC_PREPROCESSOR_DEFINITIONS = (
					"DEBUG=1",
					"$(inherited)",
				);
				GCC_WARN_64_TO_32_BIT_CONVERSION = YES;
				GCC_WARN_ABOUT_RETURN_TYPE = YES_ERROR;
				GCC_WARN_UNDECLARED_SELECTOR = YES;
				GCC_WARN_UNINITIALIZED_AUTOS = YES_AGGRESSIVE;
				GCC_WARN_UNUSED_FUNCTION = YES;
				GCC_WARN_UNUSED_VARIABLE = YES;
				IPHONEOS_DEPLOYMENT_TARGET = 10.1;
				MTL_ENABLE_DEBUG_INFO = YES;
				ONLY_ACTIVE_ARCH = YES;
				SDKROOT = iphoneos;
				SWIFT_ACTIVE_COMPILATION_CONDITIONS = DEBUG;
				SWIFT_OPTIMIZATION_LEVEL = "-Onone";
				TARGETED_DEVICE_FAMILY = "1,2";
			};
			name = Debug;
		};
		242CD06A1DE865C8000F1F16 /* Release */ = {
			isa = XCBuildConfiguration;
			buildSettings = {
				ALWAYS_SEARCH_USER_PATHS = NO;
				CLANG_ANALYZER_NONNULL = YES;
				CLANG_CXX_LANGUAGE_STANDARD = "gnu++0x";
				CLANG_CXX_LIBRARY = "libc++";
				CLANG_ENABLE_MODULES = YES;
				CLANG_ENABLE_OBJC_ARC = YES;
				CLANG_WARN_BOOL_CONVERSION = YES;
				CLANG_WARN_CONSTANT_CONVERSION = YES;
				CLANG_WARN_DIRECT_OBJC_ISA_USAGE = YES_ERROR;
				CLANG_WARN_DOCUMENTATION_COMMENTS = YES;
				CLANG_WARN_EMPTY_BODY = YES;
				CLANG_WARN_ENUM_CONVERSION = YES;
				CLANG_WARN_INFINITE_RECURSION = YES;
				CLANG_WARN_INT_CONVERSION = YES;
				CLANG_WARN_OBJC_ROOT_CLASS = YES_ERROR;
				CLANG_WARN_SUSPICIOUS_MOVE = YES;
				CLANG_WARN_SUSPICIOUS_MOVES = YES;
				CLANG_WARN_UNREACHABLE_CODE = YES;
				CLANG_WARN__DUPLICATE_METHOD_MATCH = YES;
				"CODE_SIGN_IDENTITY[sdk=iphoneos*]" = "iPhone Developer";
				COPY_PHASE_STRIP = NO;
				DEBUG_INFORMATION_FORMAT = "dwarf-with-dsym";
				ENABLE_NS_ASSERTIONS = NO;
				ENABLE_STRICT_OBJC_MSGSEND = YES;
				GCC_C_LANGUAGE_STANDARD = gnu99;
				GCC_NO_COMMON_BLOCKS = YES;
				GCC_WARN_64_TO_32_BIT_CONVERSION = YES;
				GCC_WARN_ABOUT_RETURN_TYPE = YES_ERROR;
				GCC_WARN_UNDECLARED_SELECTOR = YES;
				GCC_WARN_UNINITIALIZED_AUTOS = YES_AGGRESSIVE;
				GCC_WARN_UNUSED_FUNCTION = YES;
				GCC_WARN_UNUSED_VARIABLE = YES;
				IPHONEOS_DEPLOYMENT_TARGET = 10.1;
				MTL_ENABLE_DEBUG_INFO = NO;
				SDKROOT = iphoneos;
				SWIFT_OPTIMIZATION_LEVEL = "-Owholemodule";
				TARGETED_DEVICE_FAMILY = "1,2";
				VALIDATE_PRODUCT = YES;
			};
			name = Release;
		};
		242CD06C1DE865C8000F1F16 /* Debug */ = {
			isa = XCBuildConfiguration;
			baseConfigurationReference = 31CB5A8E9117F676D2F7BF4D /* Pods-Nwitter.debug.xcconfig */;
			buildSettings = {
				ALWAYS_EMBED_SWIFT_STANDARD_LIBRARIES = YES;
				ASSETCATALOG_COMPILER_APPICON_NAME = AppIcon;
				DEVELOPMENT_TEAM = N8BMJLATLW;
				INFOPLIST_FILE = Nwitter/Info.plist;
				LD_RUNPATH_SEARCH_PATHS = "$(inherited) @executable_path/Frameworks";
				PRODUCT_BUNDLE_IDENTIFIER = me.elkady.Nwitter;
				PRODUCT_NAME = "$(TARGET_NAME)";
				SWIFT_VERSION = 3.0;
			};
			name = Debug;
		};
		242CD06D1DE865C8000F1F16 /* Release */ = {
			isa = XCBuildConfiguration;
			baseConfigurationReference = EAC2B81E33CD6FC01544E0D5 /* Pods-Nwitter.release.xcconfig */;
			buildSettings = {
				ALWAYS_EMBED_SWIFT_STANDARD_LIBRARIES = YES;
				ASSETCATALOG_COMPILER_APPICON_NAME = AppIcon;
				DEVELOPMENT_TEAM = N8BMJLATLW;
				INFOPLIST_FILE = Nwitter/Info.plist;
				LD_RUNPATH_SEARCH_PATHS = "$(inherited) @executable_path/Frameworks";
				PRODUCT_BUNDLE_IDENTIFIER = me.elkady.Nwitter;
				PRODUCT_NAME = "$(TARGET_NAME)";
				SWIFT_VERSION = 3.0;
			};
			name = Release;
		};
/* End XCBuildConfiguration section */

/* Begin XCConfigurationList section */
		242CD0541DE865C7000F1F16 /* Build configuration list for PBXProject "Nwitter" */ = {
			isa = XCConfigurationList;
			buildConfigurations = (
				242CD0691DE865C8000F1F16 /* Debug */,
				242CD06A1DE865C8000F1F16 /* Release */,
			);
			defaultConfigurationIsVisible = 0;
			defaultConfigurationName = Release;
		};
		242CD06B1DE865C8000F1F16 /* Build configuration list for PBXNativeTarget "Nwitter" */ = {
			isa = XCConfigurationList;
			buildConfigurations = (
				242CD06C1DE865C8000F1F16 /* Debug */,
				242CD06D1DE865C8000F1F16 /* Release */,
			);
			defaultConfigurationIsVisible = 0;
			defaultConfigurationName = Release;
		};
/* End XCConfigurationList section */
	};
	rootObject = 242CD0511DE865C7000F1F16 /* Project object */;
}
